
Microsoft Visual Studio Solution File, Format Version 12.00
# Visual Studio Version 16
VisualStudioVersion = 16.0.31005.135
MinimumVisualStudioVersion = 10.0.40219.1
Project("{FAE04EC0-301F-11D3-BF4B-00C04F79EFBC}") = "PanasShop", "PanasShop.csproj", "{B8935DEE-8D76-43B1-81EF-76ACAA0CA5EA}"
EndProject
Global
	GlobalSection(SolutionConfigurationPlatforms) = preSolution
		Debug|Any CPU = Debug|Any CPU
		Release|Any CPU = Release|Any CPU
	EndGlobalSection
	GlobalSection(ProjectConfigurationPlatforms) = postSolution
		{B8935DEE-8D76-43B1-81EF-76ACAA0CA5EA}.Debug|Any CPU.ActiveCfg = Debug|Any CPU
		{B8935DEE-8D76-43B1-81EF-76ACAA0CA5EA}.Debug|Any CPU.Build.0 = Debug|Any CPU
		{B8935DEE-8D76-43B1-81EF-76ACAA0CA5EA}.Release|Any CPU.ActiveCfg = Release|Any CPU
		{B8935DEE-8D76-43B1-81EF-76ACAA0CA5EA}.Release|Any CPU.Build.0 = Release|Any CPU
	EndGlobalSection
	GlobalSection(SolutionProperties) = preSolution
		HideSolutionNode = FALSE
	EndGlobalSection
	GlobalSection(ExtensibilityGlobals) = postSolution
		SolutionGuid = {E64F153F-9638-48FC-BE57-30EE39A8BC54}
	EndGlobalSection
EndGlobal
